// !$*UTF8*$!
{
	archiveVersion = 1;
	classes = {
	};
	objectVersion = 51;
	objects = {

/* Begin PBXBuildFile section */
		A0285D9FD269C6F1D35C81D4 /* Pods_BlocSwiftTests.framework in Frameworks */ = {isa = PBXBuildFile; fileRef = C96F698A40D67CD0F1AA17DE /* Pods_BlocSwiftTests.framework */; };
		A5C649DE6C55C0ED3AB037FA /* Pods_BlocSwift.framework in Frameworks */ = {isa = PBXBuildFile; fileRef = CB75E1D79B49FBA52CC727A8 /* Pods_BlocSwift.framework */; };
		CDF5651B2452262A00B06317 /* AppDelegate.swift in Sources */ = {isa = PBXBuildFile; fileRef = CDF5651A2452262A00B06317 /* AppDelegate.swift */; };
		CDF5651D2452262A00B06317 /* SceneDelegate.swift in Sources */ = {isa = PBXBuildFile; fileRef = CDF5651C2452262A00B06317 /* SceneDelegate.swift */; };
		CDF565222452262A00B06317 /* Main.storyboard in Resources */ = {isa = PBXBuildFile; fileRef = CDF565202452262A00B06317 /* Main.storyboard */; };
		CDF565242452262C00B06317 /* Assets.xcassets in Resources */ = {isa = PBXBuildFile; fileRef = CDF565232452262C00B06317 /* Assets.xcassets */; };
		CDF565272452262C00B06317 /* LaunchScreen.storyboard in Resources */ = {isa = PBXBuildFile; fileRef = CDF565252452262C00B06317 /* LaunchScreen.storyboard */; };
		CDF565322452262C00B06317 /* BlocSwiftTests.swift in Sources */ = {isa = PBXBuildFile; fileRef = CDF565312452262C00B06317 /* BlocSwiftTests.swift */; };
		CDF565402452275600B06317 /* CounterManager.swift in Sources */ = {isa = PBXBuildFile; fileRef = CDF5653F2452275600B06317 /* CounterManager.swift */; };
		CDF56544245243B400B06317 /* FirstViewController.swift in Sources */ = {isa = PBXBuildFile; fileRef = CDF56543245243B400B06317 /* FirstViewController.swift */; };
		CDF565462452493A00B06317 /* README.md in Resources */ = {isa = PBXBuildFile; fileRef = CDF565452452493900B06317 /* README.md */; };
/* End PBXBuildFile section */

/* Begin PBXContainerItemProxy section */
		CDF5652E2452262C00B06317 /* PBXContainerItemProxy */ = {
			isa = PBXContainerItemProxy;
			containerPortal = CDF5650F2452262A00B06317 /* Project object */;
			proxyType = 1;
			remoteGlobalIDString = CDF565162452262A00B06317;
			remoteInfo = BlocSwift;
		};
/* End PBXContainerItemProxy section */

/* Begin PBXFileReference section */
		1541553824E26D9C22C99B0B /* Pods-BlocSwiftTests.release.xcconfig */ = {isa = PBXFileReference; includeInIndex = 1; lastKnownFileType = text.xcconfig; name = "Pods-BlocSwiftTests.release.xcconfig"; path = "Target Support Files/Pods-BlocSwiftTests/Pods-BlocSwiftTests.release.xcconfig"; sourceTree = "<group>"; };
		659E6EACAF57A1B9EB512362 /* Pods-BlocSwift.release.xcconfig */ = {isa = PBXFileReference; includeInIndex = 1; lastKnownFileType = text.xcconfig; name = "Pods-BlocSwift.release.xcconfig"; path = "Target Support Files/Pods-BlocSwift/Pods-BlocSwift.release.xcconfig"; sourceTree = "<group>"; };
		911289545C66349817F1648B /* Pods-BlocSwiftTests.debug.xcconfig */ = {isa = PBXFileReference; includeInIndex = 1; lastKnownFileType = text.xcconfig; name = "Pods-BlocSwiftTests.debug.xcconfig"; path = "Target Support Files/Pods-BlocSwiftTests/Pods-BlocSwiftTests.debug.xcconfig"; sourceTree = "<group>"; };
		94E6C29AF3DE59D1581B5C87 /* Pods-BlocSwift.debug.xcconfig */ = {isa = PBXFileReference; includeInIndex = 1; lastKnownFileType = text.xcconfig; name = "Pods-BlocSwift.debug.xcconfig"; path = "Target Support Files/Pods-BlocSwift/Pods-BlocSwift.debug.xcconfig"; sourceTree = "<group>"; };
		C96F698A40D67CD0F1AA17DE /* Pods_BlocSwiftTests.framework */ = {isa = PBXFileReference; explicitFileType = wrapper.framework; includeInIndex = 0; path = Pods_BlocSwiftTests.framework; sourceTree = BUILT_PRODUCTS_DIR; };
		CB75E1D79B49FBA52CC727A8 /* Pods_BlocSwift.framework */ = {isa = PBXFileReference; explicitFileType = wrapper.framework; includeInIndex = 0; path = Pods_BlocSwift.framework; sourceTree = BUILT_PRODUCTS_DIR; };
		CDF565172452262A00B06317 /* BlocSwift.app */ = {isa = PBXFileReference; explicitFileType = wrapper.application; includeInIndex = 0; path = BlocSwift.app; sourceTree = BUILT_PRODUCTS_DIR; };
		CDF5651A2452262A00B06317 /* AppDelegate.swift */ = {isa = PBXFileReference; lastKnownFileType = sourcecode.swift; path = AppDelegate.swift; sourceTree = "<group>"; };
		CDF5651C2452262A00B06317 /* SceneDelegate.swift */ = {isa = PBXFileReference; lastKnownFileType = sourcecode.swift; path = SceneDelegate.swift; sourceTree = "<group>"; };
		CDF565212452262A00B06317 /* Base */ = {isa = PBXFileReference; lastKnownFileType = file.storyboard; name = Base; path = Base.lproj/Main.storyboard; sourceTree = "<group>"; };
		CDF565232452262C00B06317 /* Assets.xcassets */ = {isa = PBXFileReference; lastKnownFileType = folder.assetcatalog; path = Assets.xcassets; sourceTree = "<group>"; };
		CDF565262452262C00B06317 /* Base */ = {isa = PBXFileReference; lastKnownFileType = file.storyboard; name = Base; path = Base.lproj/LaunchScreen.storyboard; sourceTree = "<group>"; };
		CDF565282452262C00B06317 /* Info.plist */ = {isa = PBXFileReference; lastKnownFileType = text.plist.xml; path = Info.plist; sourceTree = "<group>"; };
		CDF5652D2452262C00B06317 /* BlocSwiftTests.xctest */ = {isa = PBXFileReference; explicitFileType = wrapper.cfbundle; includeInIndex = 0; path = BlocSwiftTests.xctest; sourceTree = BUILT_PRODUCTS_DIR; };
		CDF565312452262C00B06317 /* BlocSwiftTests.swift */ = {isa = PBXFileReference; lastKnownFileType = sourcecode.swift; path = BlocSwiftTests.swift; sourceTree = "<group>"; };
		CDF565332452262C00B06317 /* Info.plist */ = {isa = PBXFileReference; lastKnownFileType = text.plist.xml; path = Info.plist; sourceTree = "<group>"; };
		CDF5653F2452275600B06317 /* CounterManager.swift */ = {isa = PBXFileReference; lastKnownFileType = sourcecode.swift; path = CounterManager.swift; sourceTree = "<group>"; };
		CDF56543245243B400B06317 /* FirstViewController.swift */ = {isa = PBXFileReference; lastKnownFileType = sourcecode.swift; path = FirstViewController.swift; sourceTree = "<group>"; };
		CDF565452452493900B06317 /* README.md */ = {isa = PBXFileReference; fileEncoding = 4; lastKnownFileType = net.daringfireball.markdown; path = README.md; sourceTree = "<group>"; };
/* End PBXFileReference section */

/* Begin PBXFrameworksBuildPhase section */
		CDF565142452262A00B06317 /* Frameworks */ = {
			isa = PBXFrameworksBuildPhase;
			buildActionMask = 2147483647;
			files = (
				A5C649DE6C55C0ED3AB037FA /* Pods_BlocSwift.framework in Frameworks */,
			);
			runOnlyForDeploymentPostprocessing = 0;
		};
		CDF5652A2452262C00B06317 /* Frameworks */ = {
			isa = PBXFrameworksBuildPhase;
			buildActionMask = 2147483647;
			files = (
				A0285D9FD269C6F1D35C81D4 /* Pods_BlocSwiftTests.framework in Frameworks */,
			);
			runOnlyForDeploymentPostprocessing = 0;
		};
/* End PBXFrameworksBuildPhase section */

/* Begin PBXGroup section */
		245B9EB0AC844CB558C1F881 /* Pods */ = {
			isa = PBXGroup;
			children = (
				94E6C29AF3DE59D1581B5C87 /* Pods-BlocSwift.debug.xcconfig */,
				659E6EACAF57A1B9EB512362 /* Pods-BlocSwift.release.xcconfig */,
				911289545C66349817F1648B /* Pods-BlocSwiftTests.debug.xcconfig */,
				1541553824E26D9C22C99B0B /* Pods-BlocSwiftTests.release.xcconfig */,
			);
			path = Pods;
			sourceTree = "<group>";
		};
		2F44D880424D289E3DD665ED /* Frameworks */ = {
			isa = PBXGroup;
			children = (
				CB75E1D79B49FBA52CC727A8 /* Pods_BlocSwift.framework */,
				C96F698A40D67CD0F1AA17DE /* Pods_BlocSwiftTests.framework */,
			);
			name = Frameworks;
			sourceTree = "<group>";
		};
		CDF5650E2452262A00B06317 = {
			isa = PBXGroup;
			children = (
				CDF565452452493900B06317 /* README.md */,
				CDF565192452262A00B06317 /* BlocSwift */,
				CDF565302452262C00B06317 /* BlocSwiftTests */,
				CDF565182452262A00B06317 /* Products */,
				245B9EB0AC844CB558C1F881 /* Pods */,
				2F44D880424D289E3DD665ED /* Frameworks */,
			);
			sourceTree = "<group>";
		};
		CDF565182452262A00B06317 /* Products */ = {
			isa = PBXGroup;
			children = (
				CDF565172452262A00B06317 /* BlocSwift.app */,
				CDF5652D2452262C00B06317 /* BlocSwiftTests.xctest */,
			);
			name = Products;
			sourceTree = "<group>";
		};
		CDF565192452262A00B06317 /* BlocSwift */ = {
			isa = PBXGroup;
			children = (
				CDF5651A2452262A00B06317 /* AppDelegate.swift */,
				CDF5651C2452262A00B06317 /* SceneDelegate.swift */,
				CDF5653C2452270600B06317 /* Manager */,
				CDF56543245243B400B06317 /* FirstViewController.swift */,
				CDF565202452262A00B06317 /* Main.storyboard */,
				CDF565232452262C00B06317 /* Assets.xcassets */,
				CDF565252452262C00B06317 /* LaunchScreen.storyboard */,
				CDF565282452262C00B06317 /* Info.plist */,
			);
			path = BlocSwift;
			sourceTree = "<group>";
		};
		CDF565302452262C00B06317 /* BlocSwiftTests */ = {
			isa = PBXGroup;
			children = (
				CDF565312452262C00B06317 /* BlocSwiftTests.swift */,
				CDF565332452262C00B06317 /* Info.plist */,
			);
			path = BlocSwiftTests;
			sourceTree = "<group>";
		};
		CDF5653C2452270600B06317 /* Manager */ = {
			isa = PBXGroup;
			children = (
				CDF5653F2452275600B06317 /* CounterManager.swift */,
			);
			path = Manager;
			sourceTree = "<group>";
		};
/* End PBXGroup section */

/* Begin PBXNativeTarget section */
		CDF565162452262A00B06317 /* BlocSwift */ = {
			isa = PBXNativeTarget;
			buildConfigurationList = CDF565362452262C00B06317 /* Build configuration list for PBXNativeTarget "BlocSwift" */;
			buildPhases = (
				B3FF19081DDF9B2C13125603 /* [CP] Check Pods Manifest.lock */,
				CDF565132452262A00B06317 /* Sources */,
				CDF565142452262A00B06317 /* Frameworks */,
				CDF565152452262A00B06317 /* Resources */,
				3C21FA5FB97AE2F351E482BE /* [CP] Embed Pods Frameworks */,
			);
			buildRules = (
			);
			dependencies = (
			);
			name = BlocSwift;
			productName = BlocSwift;
			productReference = CDF565172452262A00B06317 /* BlocSwift.app */;
			productType = "com.apple.product-type.application";
		};
		CDF5652C2452262C00B06317 /* BlocSwiftTests */ = {
			isa = PBXNativeTarget;
			buildConfigurationList = CDF565392452262C00B06317 /* Build configuration list for PBXNativeTarget "BlocSwiftTests" */;
			buildPhases = (
				7365B9D028AE5BFCBC7C8327 /* [CP] Check Pods Manifest.lock */,
				CDF565292452262C00B06317 /* Sources */,
				CDF5652A2452262C00B06317 /* Frameworks */,
				CDF5652B2452262C00B06317 /* Resources */,
			);
			buildRules = (
			);
			dependencies = (
				CDF5652F2452262C00B06317 /* PBXTargetDependency */,
			);
			name = BlocSwiftTests;
			productName = BlocSwiftTests;
			productReference = CDF5652D2452262C00B06317 /* BlocSwiftTests.xctest */;
			productType = "com.apple.product-type.bundle.unit-test";
		};
/* End PBXNativeTarget section */

/* Begin PBXProject section */
		CDF5650F2452262A00B06317 /* Project object */ = {
			isa = PBXProject;
			attributes = {
				LastSwiftUpdateCheck = 1110;
				LastUpgradeCheck = 1110;
				ORGANIZATIONNAME = "PATRICK LESAINT";
				TargetAttributes = {
					CDF565162452262A00B06317 = {
						CreatedOnToolsVersion = 11.1;
					};
					CDF5652C2452262C00B06317 = {
						CreatedOnToolsVersion = 11.1;
						TestTargetID = CDF565162452262A00B06317;
					};
				};
			};
			buildConfigurationList = CDF565122452262A00B06317 /* Build configuration list for PBXProject "BlocSwift" */;
			compatibilityVersion = "Xcode 9.3";
			developmentRegion = en;
			hasScannedForEncodings = 0;
			knownRegions = (
				en,
				Base,
			);
			mainGroup = CDF5650E2452262A00B06317;
			productRefGroup = CDF565182452262A00B06317 /* Products */;
			projectDirPath = "";
			projectRoot = "";
			targets = (
				CDF565162452262A00B06317 /* BlocSwift */,
				CDF5652C2452262C00B06317 /* BlocSwiftTests */,
			);
		};
/* End PBXProject section */

/* Begin PBXResourcesBuildPhase section */
		CDF565152452262A00B06317 /* Resources */ = {
			isa = PBXResourcesBuildPhase;
			buildActionMask = 2147483647;
			files = (
				CDF565272452262C00B06317 /* LaunchScreen.storyboard in Resources */,
				CDF565242452262C00B06317 /* Assets.xcassets in Resources */,
				CDF565462452493A00B06317 /* README.md in Resources */,
				CDF565222452262A00B06317 /* Main.storyboard in Resources */,
			);
			runOnlyForDeploymentPostprocessing = 0;
		};
		CDF5652B2452262C00B06317 /* Resources */ = {
			isa = PBXResourcesBuildPhase;
			buildActionMask = 2147483647;
			files = (
			);
			runOnlyForDeploymentPostprocessing = 0;
		};
/* End PBXResourcesBuildPhase section */

/* Begin PBXShellScriptBuildPhase section */
		3C21FA5FB97AE2F351E482BE /* [CP] Embed Pods Frameworks */ = {
			isa = PBXShellScriptBuildPhase;
			buildActionMask = 2147483647;
			files = (
			);
			inputFileListPaths = (
				"${PODS_ROOT}/Target Support Files/Pods-BlocSwift/Pods-BlocSwift-frameworks-${CONFIGURATION}-input-files.xcfilelist",
			);
			name = "[CP] Embed Pods Frameworks";
			outputFileListPaths = (
				"${PODS_ROOT}/Target Support Files/Pods-BlocSwift/Pods-BlocSwift-frameworks-${CONFIGURATION}-output-files.xcfilelist",
			);
			runOnlyForDeploymentPostprocessing = 0;
			shellPath = /bin/sh;
			shellScript = "\"${PODS_ROOT}/Target Support Files/Pods-BlocSwift/Pods-BlocSwift-frameworks.sh\"\n";
			showEnvVarsInLog = 0;
		};
		7365B9D028AE5BFCBC7C8327 /* [CP] Check Pods Manifest.lock */ = {
			isa = PBXShellScriptBuildPhase;
			buildActionMask = 2147483647;
			files = (
			);
			inputFileListPaths = (
			);
			inputPaths = (
				"${PODS_PODFILE_DIR_PATH}/Podfile.lock",
				"${PODS_ROOT}/Manifest.lock",
			);
			name = "[CP] Check Pods Manifest.lock";
			outputFileListPaths = (
			);
			outputPaths = (
				"$(DERIVED_FILE_DIR)/Pods-BlocSwiftTests-checkManifestLockResult.txt",
			);
			runOnlyForDeploymentPostprocessing = 0;
			shellPath = /bin/sh;
			shellScript = "diff \"${PODS_PODFILE_DIR_PATH}/Podfile.lock\" \"${PODS_ROOT}/Manifest.lock\" > /dev/null\nif [ $? != 0 ] ; then\n    # print error to STDERR\n    echo \"error: The sandbox is not in sync with the Podfile.lock. Run 'pod install' or update your CocoaPods installation.\" >&2\n    exit 1\nfi\n# This output is used by Xcode 'outputs' to avoid re-running this script phase.\necho \"SUCCESS\" > \"${SCRIPT_OUTPUT_FILE_0}\"\n";
			showEnvVarsInLog = 0;
		};
		B3FF19081DDF9B2C13125603 /* [CP] Check Pods Manifest.lock */ = {
			isa = PBXShellScriptBuildPhase;
			buildActionMask = 2147483647;
			files = (
			);
			inputFileListPaths = (
			);
			inputPaths = (
				"${PODS_PODFILE_DIR_PATH}/Podfile.lock",
				"${PODS_ROOT}/Manifest.lock",
			);
			name = "[CP] Check Pods Manifest.lock";
			outputFileListPaths = (
			);
			outputPaths = (
				"$(DERIVED_FILE_DIR)/Pods-BlocSwift-checkManifestLockResult.txt",
			);
			runOnlyForDeploymentPostprocessing = 0;
			shellPath = /bin/sh;
			shellScript = "diff \"${PODS_PODFILE_DIR_PATH}/Podfile.lock\" \"${PODS_ROOT}/Manifest.lock\" > /dev/null\nif [ $? != 0 ] ; then\n    # print error to STDERR\n    echo \"error: The sandbox is not in sync with the Podfile.lock. Run 'pod install' or update your CocoaPods installation.\" >&2\n    exit 1\nfi\n# This output is used by Xcode 'outputs' to avoid re-running this script phase.\necho \"SUCCESS\" > \"${SCRIPT_OUTPUT_FILE_0}\"\n";
			showEnvVarsInLog = 0;
		};
/* End PBXShellScriptBuildPhase section */

/* Begin PBXSourcesBuildPhase section */
		CDF565132452262A00B06317 /* Sources */ = {
			isa = PBXSourcesBuildPhase;
			buildActionMask = 2147483647;
			files = (
				CDF565402452275600B06317 /* CounterManager.swift in Sources */,
				CDF56544245243B400B06317 /* FirstViewController.swift in Sources */,
				CDF5651B2452262A00B06317 /* AppDelegate.swift in Sources */,
				CDF5651D2452262A00B06317 /* SceneDelegate.swift in Sources */,
			);
			runOnlyForDeploymentPostprocessing = 0;
		};
		CDF565292452262C00B06317 /* Sources */ = {
			isa = PBXSourcesBuildPhase;
			buildActionMask = 2147483647;
			files = (
				CDF565322452262C00B06317 /* BlocSwiftTests.swift in Sources */,
			);
			runOnlyForDeploymentPostprocessing = 0;
		};
/* End PBXSourcesBuildPhase section */

/* Begin PBXTargetDependency section */
		CDF5652F2452262C00B06317 /* PBXTargetDependency */ = {
			isa = PBXTargetDependency;
			target = CDF565162452262A00B06317 /* BlocSwift */;
			targetProxy = CDF5652E2452262C00B06317 /* PBXContainerItemProxy */;
		};
/* End PBXTargetDependency section */

/* Begin PBXVariantGroup section */
		CDF565202452262A00B06317 /* Main.storyboard */ = {
			isa = PBXVariantGroup;
			children = (
				CDF565212452262A00B06317 /* Base */,
			);
			name = Main.storyboard;
			sourceTree = "<group>";
		};
		CDF565252452262C00B06317 /* LaunchScreen.storyboard */ = {
			isa = PBXVariantGroup;
			children = (
				CDF565262452262C00B06317 /* Base */,
			);
			name = LaunchScreen.storyboard;
			sourceTree = "<group>";
		};
/* End PBXVariantGroup section */

/* Begin XCBuildConfiguration section */
		CDF565342452262C00B06317 /* Debug */ = {
			isa = XCBuildConfiguration;
			buildSettings = {
				ALWAYS_SEARCH_USER_PATHS = NO;
				CLANG_ANALYZER_NONNULL = YES;
				CLANG_ANALYZER_NUMBER_OBJECT_CONVERSION = YES_AGGRESSIVE;
				CLANG_CXX_LANGUAGE_STANDARD = "gnu++14";
				CLANG_CXX_LIBRARY = "libc++";
				CLANG_ENABLE_MODULES = YES;
				CLANG_ENABLE_OBJC_ARC = YES;
				CLANG_ENABLE_OBJC_WEAK = YES;
				CLANG_WARN_BLOCK_CAPTURE_AUTORELEASING = YES;
				CLANG_WARN_BOOL_CONVERSION = YES;
				CLANG_WARN_COMMA = YES;
				CLANG_WARN_CONSTANT_CONVERSION = YES;
				CLANG_WARN_DEPRECATED_OBJC_IMPLEMENTATIONS = YES;
				CLANG_WARN_DIRECT_OBJC_ISA_USAGE = YES_ERROR;
				CLANG_WARN_DOCUMENTATION_COMMENTS = YES;
				CLANG_WARN_EMPTY_BODY = YES;
				CLANG_WARN_ENUM_CONVERSION = YES;
				CLANG_WARN_INFINITE_RECURSION = YES;
				CLANG_WARN_INT_CONVERSION = YES;
				CLANG_WARN_NON_LITERAL_NULL_CONVERSION = YES;
				CLANG_WARN_OBJC_IMPLICIT_RETAIN_SELF = YES;
				CLANG_WARN_OBJC_LITERAL_CONVERSION = YES;
				CLANG_WARN_OBJC_ROOT_CLASS = YES_ERROR;
				CLANG_WARN_RANGE_LOOP_ANALYSIS = YES;
				CLANG_WARN_STRICT_PROTOTYPES = YES;
				CLANG_WARN_SUSPICIOUS_MOVE = YES;
				CLANG_WARN_UNGUARDED_AVAILABILITY = YES_AGGRESSIVE;
				CLANG_WARN_UNREACHABLE_CODE = YES;
				CLANG_WARN__DUPLICATE_METHOD_MATCH = YES;
				COPY_PHASE_STRIP = NO;
				DEBUG_INFORMATION_FORMAT = dwarf;
				ENABLE_STRICT_OBJC_MSGSEND = YES;
				ENABLE_TESTABILITY = YES;
				GCC_C_LANGUAGE_STANDARD = gnu11;
				GCC_DYNAMIC_NO_PIC = NO;
				GCC_NO_COMMON_BLOCKS = YES;
				GCC_OPTIMIZATION_LEVEL = 0;
				GCC_PREPROCESSOR_DEFINITIONS = (
					"DEBUG=1",
					"$(inherited)",
				);
				GCC_WARN_64_TO_32_BIT_CONVERSION = YES;
				GCC_WARN_ABOUT_RETURN_TYPE = YES_ERROR;
				GCC_WARN_UNDECLARED_SELECTOR = YES;
				GCC_WARN_UNINITIALIZED_AUTOS = YES_AGGRESSIVE;
				GCC_WARN_UNUSED_FUNCTION = YES;
				GCC_WARN_UNUSED_VARIABLE = YES;
				IPHONEOS_DEPLOYMENT_TARGET = 13.1;
				MTL_ENABLE_DEBUG_INFO = INCLUDE_SOURCE;
				MTL_FAST_MATH = YES;
				ONLY_ACTIVE_ARCH = YES;
				SDKROOT = iphoneos;
				SWIFT_ACTIVE_COMPILATION_CONDITIONS = DEBUG;
				SWIFT_OPTIMIZATION_LEVEL = "-Onone";
			};
			name = Debug;
		};
		CDF565352452262C00B06317 /* Release */ = {
			isa = XCBuildConfiguration;
			buildSettings = {
				ALWAYS_SEARCH_USER_PATHS = NO;
				CLANG_ANALYZER_NONNULL = YES;
				CLANG_ANALYZER_NUMBER_OBJECT_CONVERSION = YES_AGGRESSIVE;
				CLANG_CXX_LANGUAGE_STANDARD = "gnu++14";
				CLANG_CXX_LIBRARY = "libc++";
				CLANG_ENABLE_MODULES = YES;
				CLANG_ENABLE_OBJC_ARC = YES;
				CLANG_ENABLE_OBJC_WEAK = YES;
				CLANG_WARN_BLOCK_CAPTURE_AUTORELEASING = YES;
				CLANG_WARN_BOOL_CONVERSION = YES;
				CLANG_WARN_COMMA = YES;
				CLANG_WARN_CONSTANT_CONVERSION = YES;
				CLANG_WARN_DEPRECATED_OBJC_IMPLEMENTATIONS = YES;
				CLANG_WARN_DIRECT_OBJC_ISA_USAGE = YES_ERROR;
				CLANG_WARN_DOCUMENTATION_COMMENTS = YES;
				CLANG_WARN_EMPTY_BODY = YES;
				CLANG_WARN_ENUM_CONVERSION = YES;
				CLANG_WARN_INFINITE_RECURSION = YES;
				CLANG_WARN_INT_CONVERSION = YES;
				CLANG_WARN_NON_LITERAL_NULL_CONVERSION = YES;
				CLANG_WARN_OBJC_IMPLICIT_RETAIN_SELF = YES;
				CLANG_WARN_OBJC_LITERAL_CONVERSION = YES;
				CLANG_WARN_OBJC_ROOT_CLASS = YES_ERROR;
				CLANG_WARN_RANGE_LOOP_ANALYSIS = YES;
				CLANG_WARN_STRICT_PROTOTYPES = YES;
				CLANG_WARN_SUSPICIOUS_MOVE = YES;
				CLANG_WARN_UNGUARDED_AVAILABILITY = YES_AGGRESSIVE;
				CLANG_WARN_UNREACHABLE_CODE = YES;
				CLANG_WARN__DUPLICATE_METHOD_MATCH = YES;
				COPY_PHASE_STRIP = NO;
				DEBUG_INFORMATION_FORMAT = "dwarf-with-dsym";
				ENABLE_NS_ASSERTIONS = NO;
				ENABLE_STRICT_OBJC_MSGSEND = YES;
				GCC_C_LANGUAGE_STANDARD = gnu11;
				GCC_NO_COMMON_BLOCKS = YES;
				GCC_WARN_64_TO_32_BIT_CONVERSION = YES;
				GCC_WARN_ABOUT_RETURN_TYPE = YES_ERROR;
				GCC_WARN_UNDECLARED_SELECTOR = YES;
				GCC_WARN_UNINITIALIZED_AUTOS = YES_AGGRESSIVE;
				GCC_WARN_UNUSED_FUNCTION = YES;
				GCC_WARN_UNUSED_VARIABLE = YES;
				IPHONEOS_DEPLOYMENT_TARGET = 13.1;
				MTL_ENABLE_DEBUG_INFO = NO;
				MTL_FAST_MATH = YES;
				SDKROOT = iphoneos;
				SWIFT_COMPILATION_MODE = wholemodule;
				SWIFT_OPTIMIZATION_LEVEL = "-O";
				VALIDATE_PRODUCT = YES;
			};
			name = Release;
		};
		CDF565372452262C00B06317 /* Debug */ = {
			isa = XCBuildConfiguration;
			baseConfigurationReference = 94E6C29AF3DE59D1581B5C87 /* Pods-BlocSwift.debug.xcconfig */;
			buildSettings = {
				ASSETCATALOG_COMPILER_APPICON_NAME = AppIcon;
				CODE_SIGN_STYLE = Automatic;
				DEVELOPMENT_TEAM = P5U2DXASKQ;
				INFOPLIST_FILE = BlocSwift/Info.plist;
				LD_RUNPATH_SEARCH_PATHS = (
					"$(inherited)",
					"@executable_path/Frameworks",
				);
				PRODUCT_BUNDLE_IDENTIFIER = com.heroes.BlocSwift;
				PRODUCT_NAME = "$(TARGET_NAME)";
				SWIFT_VERSION = 5.0;
				TARGETED_DEVICE_FAMILY = "1,2";
			};
			name = Debug;
		};
		CDF565382452262C00B06317 /* Release */ = {
			isa = XCBuildConfiguration;
			baseConfigurationReference = 659E6EACAF57A1B9EB512362 /* Pods-BlocSwift.release.xcconfig */;
			buildSettings = {
				ASSETCATALOG_COMPILER_APPICON_NAME = AppIcon;
				CODE_SIGN_STYLE = Automatic;
				DEVELOPMENT_TEAM = P5U2DXASKQ;
				INFOPLIST_FILE = BlocSwift/Info.plist;
				LD_RUNPATH_SEARCH_PATHS = (
					"$(inherited)",
					"@executable_path/Frameworks",
				);
				PRODUCT_BUNDLE_IDENTIFIER = com.heroes.BlocSwift;
				PRODUCT_NAME = "$(TARGET_NAME)";
				SWIFT_VERSION = 5.0;
				TARGETED_DEVICE_FAMILY = "1,2";
			};
			name = Release;
		};
		CDF5653A2452262C00B06317 /* Debug */ = {
			isa = XCBuildConfiguration;
			baseConfigurationReference = 911289545C66349817F1648B /* Pods-BlocSwiftTests.debug.xcconfig */;
			buildSettings = {
				ALWAYS_EMBED_SWIFT_STANDARD_LIBRARIES = YES;
				BUNDLE_LOADER = "$(TEST_HOST)";
				CODE_SIGN_STYLE = Automatic;
				DEVELOPMENT_TEAM = P5U2DXASKQ;
				INFOPLIST_FILE = BlocSwiftTests/Info.plist;
				IPHONEOS_DEPLOYMENT_TARGET = 13.1;
				LD_RUNPATH_SEARCH_PATHS = (
					"$(inherited)",
					"@executable_path/Frameworks",
					"@loader_path/Frameworks",
				);
				PRODUCT_BUNDLE_IDENTIFIER = com.heroes.BlocSwiftTests;
				PRODUCT_NAME = "$(TARGET_NAME)";
				SWIFT_VERSION = 5.0;
				TARGETED_DEVICE_FAMILY = "1,2";
				TEST_HOST = "$(BUILT_PRODUCTS_DIR)/BlocSwift.app/BlocSwift";
			};
			name = Debug;
		};
		CDF5653B2452262C00B06317 /* Release */ = {
			isa = XCBuildConfiguration;
			baseConfigurationReference = 1541553824E26D9C22C99B0B /* Pods-BlocSwiftTests.release.xcconfig */;
			buildSettings = {
				ALWAYS_EMBED_SWIFT_STANDARD_LIBRARIES = YES;
				BUNDLE_LOADER = "$(TEST_HOST)";
				CODE_SIGN_STYLE = Automatic;
				DEVELOPMENT_TEAM = P5U2DXASKQ;
				INFOPLIST_FILE = BlocSwiftTests/Info.plist;
				IPHONEOS_DEPLOYMENT_TARGET = 13.1;
				LD_RUNPATH_SEARCH_PATHS = (
					"$(inherited)",
					"@executable_path/Frameworks",
					"@loader_path/Frameworks",
				);
				PRODUCT_BUNDLE_IDENTIFIER = com.heroes.BlocSwiftTests;
				PRODUCT_NAME = "$(TARGET_NAME)";
				SWIFT_VERSION = 5.0;
				TARGETED_DEVICE_FAMILY = "1,2";
				TEST_HOST = "$(BUILT_PRODUCTS_DIR)/BlocSwift.app/BlocSwift";
			};
			name = Release;
		};
/* End XCBuildConfiguration section */

/* Begin XCConfigurationList section */
		CDF565122452262A00B06317 /* Build configuration list for PBXProject "BlocSwift" */ = {
			isa = XCConfigurationList;
			buildConfigurations = (
				CDF565342452262C00B06317 /* Debug */,
				CDF565352452262C00B06317 /* Release */,
			);
			defaultConfigurationIsVisible = 0;
			defaultConfigurationName = Release;
		};
		CDF565362452262C00B06317 /* Build configuration list for PBXNativeTarget "BlocSwift" */ = {
			isa = XCConfigurationList;
			buildConfigurations = (
				CDF565372452262C00B06317 /* Debug */,
				CDF565382452262C00B06317 /* Release */,
			);
			defaultConfigurationIsVisible = 0;
			defaultConfigurationName = Release;
		};
		CDF565392452262C00B06317 /* Build configuration list for PBXNativeTarget "BlocSwiftTests" */ = {
			isa = XCConfigurationList;
			buildConfigurations = (
				CDF5653A2452262C00B06317 /* Debug */,
				CDF5653B2452262C00B06317 /* Release */,
			);
			defaultConfigurationIsVisible = 0;
			defaultConfigurationName = Release;
		};
/* End XCConfigurationList section */
	};
	rootObject = CDF5650F2452262A00B06317 /* Project object */;
}
